
Microsoft Visual Studio Solution File, Format Version 12.00
# Visual Studio 15
VisualStudioVersion = 15.0.27004.2005
MinimumVisualStudioVersion = 10.0.40219.1
Project("{FAE04EC0-301F-11D3-BF4B-00C04F79EFBC}") = "MartianRation", "MartianRation\MartianRation.csproj", "{DFBFBDB6-10E4-47BF-BA5F-35F6349332A6}"
EndProject
Project("{FAE04EC0-301F-11D3-BF4B-00C04F79EFBC}") = "MartianRation.Data", "MartianRation.Data\MartianRation.Data.csproj", "{ACD618C9-012D-4099-9B4C-737D084DAD0F}"
EndProject
Project("{FAE04EC0-301F-11D3-BF4B-00C04F79EFBC}") = "MartianRation.Code", "MartianRation.Code\MartianRation.Code.csproj", "{9CF7F019-CD72-4BEE-BDA4-EFC9751187F8}"
EndProject
Project("{FAE04EC0-301F-11D3-BF4B-00C04F79EFBC}") = "MartianRationUnitTestProject", "UnitTestProject1\MartianRationUnitTestProject.csproj", "{111BD4F8-6355-4DA2-80B1-CB13528F9103}"
EndProject
Global
	GlobalSection(SolutionConfigurationPlatforms) = preSolution
		Debug|Any CPU = Debug|Any CPU
		Release|Any CPU = Release|Any CPU
	EndGlobalSection
	GlobalSection(ProjectConfigurationPlatforms) = postSolution
		{DFBFBDB6-10E4-47BF-BA5F-35F6349332A6}.Debug|Any CPU.ActiveCfg = Debug|Any CPU
		{DFBFBDB6-10E4-47BF-BA5F-35F6349332A6}.Debug|Any CPU.Build.0 = Debug|Any CPU
		{DFBFBDB6-10E4-47BF-BA5F-35F6349332A6}.Release|Any CPU.ActiveCfg = Release|Any CPU
		{DFBFBDB6-10E4-47BF-BA5F-35F6349332A6}.Release|Any CPU.Build.0 = Release|Any CPU
		{ACD618C9-012D-4099-9B4C-737D084DAD0F}.Debug|Any CPU.ActiveCfg = Debug|Any CPU
		{ACD618C9-012D-4099-9B4C-737D084DAD0F}.Debug|Any CPU.Build.0 = Debug|Any CPU
		{ACD618C9-012D-4099-9B4C-737D084DAD0F}.Release|Any CPU.ActiveCfg = Release|Any CPU
		{ACD618C9-012D-4099-9B4C-737D084DAD0F}.Release|Any CPU.Build.0 = Release|Any CPU
		{9CF7F019-CD72-4BEE-BDA4-EFC9751187F8}.Debug|Any CPU.ActiveCfg = Debug|Any CPU
		{9CF7F019-CD72-4BEE-BDA4-EFC9751187F8}.Debug|Any CPU.Build.0 = Debug|Any CPU
		{9CF7F019-CD72-4BEE-BDA4-EFC9751187F8}.Release|Any CPU.ActiveCfg = Release|Any CPU
		{9CF7F019-CD72-4BEE-BDA4-EFC9751187F8}.Release|Any CPU.Build.0 = Release|Any CPU
		{111BD4F8-6355-4DA2-80B1-CB13528F9103}.Debug|Any CPU.ActiveCfg = Debug|Any CPU
		{111BD4F8-6355-4DA2-80B1-CB13528F9103}.Debug|Any CPU.Build.0 = Debug|Any CPU
		{111BD4F8-6355-4DA2-80B1-CB13528F9103}.Release|Any CPU.ActiveCfg = Release|Any CPU
		{111BD4F8-6355-4DA2-80B1-CB13528F9103}.Release|Any CPU.Build.0 = Release|Any CPU
	EndGlobalSection
	GlobalSection(SolutionProperties) = preSolution
		HideSolutionNode = FALSE
	EndGlobalSection
	GlobalSection(ExtensibilityGlobals) = postSolution
		SolutionGuid = {D14CBEA6-73E3-489B-9B9C-D5320F3C26B6}
	EndGlobalSection
EndGlobal
